
Microsoft Visual Studio Solution File, Format Version 12.00
# Visual Studio Version 17
VisualStudioVersion = 17.13.35931.197 d17.13
MinimumVisualStudioVersion = 10.0.40219.1
Project("{FAE04EC0-301F-11D3-BF4B-00C04F79EFBC}") = "WpfApp1", "WpfApp1\WpfApp1.csproj", "{999714FC-5B89-4331-83B8-795EEC931131}"
EndProject
Global
	GlobalSection(SolutionConfigurationPlatforms) = preSolution
		Debug|Any CPU = Debug|Any CPU
		Release|Any CPU = Release|Any CPU
	EndGlobalSection
	GlobalSection(ProjectConfigurationPlatforms) = postSolution
		{999714FC-5B89-4331-83B8-795EEC931131}.Debug|Any CPU.ActiveCfg = Debug|Any CPU
		{999714FC-5B89-4331-83B8-795EEC931131}.Debug|Any CPU.Build.0 = Debug|Any CPU
		{999714FC-5B89-4331-83B8-795EEC931131}.Release|Any CPU.ActiveCfg = Release|Any CPU
		{999714FC-5B89-4331-83B8-795EEC931131}.Release|Any CPU.Build.0 = Release|Any CPU
	EndGlobalSection
	GlobalSection(SolutionProperties) = preSolution
		HideSolutionNode = FALSE
	EndGlobalSection
	GlobalSection(ExtensibilityGlobals) = postSolution
		SolutionGuid = {1A88135A-4EDA-4AC7-9F10-2F542675643E}
	EndGlobalSection
EndGlobal
